{"1.1.0",
[{<<"ephp">>,
  {git,"https://github.com/bragful/ephp.git",
       {ref,"82bf1eaefeb07ed8193c471f70ee6a7e20be7821"}},
  0},
 {<<"exomler">>,
  {git,"https://github.com/erlangbureau/exomler.git",
       {ref,"276cce53fe8c561fbdc2788fb2467bb7eb931deb"}},
  0},
 {<<"ezic">>,
  {git,"https://github.com/waj/ezic.git",
       {ref,"f27b57e00a9d4aeb75ee7147390a2b2f8812697b"}},
  1},
 {<<"parselib">>,
  {git,"https://github.com/kostyushkin/parselib.git",
       {ref,"85d58541403a4ae236eec0fa91150a2e50e1ef96"}},
  1},
 {<<"recon">>,{pkg,<<"recon">>,<<"2.3.2">>},1},
 {<<"unistring">>,
  {git,"https://github.com/altenwald/unistring.git",
       {ref,"9edbf2afc049d1a7b47d2ec054de04b9bcf5d095"}},
  1},
 {<<"zucchini">>,
  {git,"https://github.com/altenwald/zucchini.git",
       {ref,"e73578f1e1a960c9af1cc3be6bb84bdf59680358"}},
  1}]}.
[
{pkg_hash,[
 {<<"recon">>, <<"4444C879BE323B1B133EEC5241CB84BD3821EA194C740D75617E106BE4744318">>}]}
].
